
Microsoft Visual Studio Solution File, Format Version 12.00
# Visual Studio Version 16
VisualStudioVersion = 16.0.30225.117
MinimumVisualStudioVersion = 10.0.40219.1
Project("{9A19103F-16F7-4668-BE54-9A1E7A4F7556}") = "CoffeeShop", "CoffeeShop\CoffeeShop.csproj", "{BCF2249C-C723-4904-B28D-848B395E8053}"
EndProject
Project("{FAE04EC0-301F-11D3-BF4B-00C04F79EFBC}") = "CoffeeShopTest", "CoffeeShopTest\CoffeeShopTest.csproj", "{13FB2169-478D-4E88-9D98-05225FED145F}"
EndProject
Global
	GlobalSection(SolutionConfigurationPlatforms) = preSolution
		Debug|Any CPU = Debug|Any CPU
		Release|Any CPU = Release|Any CPU
	EndGlobalSection
	GlobalSection(ProjectConfigurationPlatforms) = postSolution
		{BCF2249C-C723-4904-B28D-848B395E8053}.Debug|Any CPU.ActiveCfg = Debug|Any CPU
		{BCF2249C-C723-4904-B28D-848B395E8053}.Debug|Any CPU.Build.0 = Debug|Any CPU
		{BCF2249C-C723-4904-B28D-848B395E8053}.Release|Any CPU.ActiveCfg = Release|Any CPU
		{BCF2249C-C723-4904-B28D-848B395E8053}.Release|Any CPU.Build.0 = Release|Any CPU
		{13FB2169-478D-4E88-9D98-05225FED145F}.Debug|Any CPU.ActiveCfg = Debug|Any CPU
		{13FB2169-478D-4E88-9D98-05225FED145F}.Debug|Any CPU.Build.0 = Debug|Any CPU
		{13FB2169-478D-4E88-9D98-05225FED145F}.Release|Any CPU.ActiveCfg = Release|Any CPU
		{13FB2169-478D-4E88-9D98-05225FED145F}.Release|Any CPU.Build.0 = Release|Any CPU
	EndGlobalSection
	GlobalSection(SolutionProperties) = preSolution
		HideSolutionNode = FALSE
	EndGlobalSection
	GlobalSection(ExtensibilityGlobals) = postSolution
		SolutionGuid = {A443A147-1C6E-4461-8252-41BF03F44E86}
	EndGlobalSection
EndGlobal
